
Microsoft Visual Studio Solution File, Format Version 12.00
# Visual Studio Version 16
VisualStudioVersion = 16.0.28902.138
MinimumVisualStudioVersion = 10.0.40219.1
Project("{9A19103F-16F7-4668-BE54-9A1E7A4F7556}") = "MCServerWebWrapper.Test.IntegrationTests", "MCServerWebWrapper.Test.IntegrationTests\MCServerWebWrapper.Test.IntegrationTests.csproj", "{180FAEA1-72E7-4311-9711-F608FF0B38F2}"
EndProject
Project("{9A19103F-16F7-4668-BE54-9A1E7A4F7556}") = "MCServerWebWrapper.Test.UnitTests", "MCServerWebWrapper.Test.UnitTests\MCServerWebWrapper.Test.UnitTests.csproj", "{B5D594EC-0C3C-436F-A7DA-C5DE7CBB9F1A}"
EndProject
Project("{9A19103F-16F7-4668-BE54-9A1E7A4F7556}") = "MCServerWebWrapper.Server", "MCServerWebWrapper.Server\MCServerWebWrapper.Server.csproj", "{AA46CA3E-7006-4D76-9BCD-0E9628EA2302}"
EndProject
Project("{2150E333-8FDC-42A3-9474-1A3956D46DE8}") = "Solution Items", "Solution Items", "{41DB8665-30B9-47DC-8353-E026A4CB7CA6}"
	ProjectSection(SolutionItems) = preProject
		.editorconfig = .editorconfig
	EndProjectSection
EndProject
Project("{2150E333-8FDC-42A3-9474-1A3956D46DE8}") = "external", "external", "{F443B5B8-2907-4D43-8034-7BC0B53EE931}"
EndProject
Project("{9A19103F-16F7-4668-BE54-9A1E7A4F7556}") = "Docker.DotNet", "external\Docker.DotNet\Docker.DotNet.csproj", "{7490CA5B-C6DD-486E-B469-7430BF1C6DA6}"
EndProject
Global
	GlobalSection(SolutionConfigurationPlatforms) = preSolution
		Debug|Any CPU = Debug|Any CPU
		Release|Any CPU = Release|Any CPU
	EndGlobalSection
	GlobalSection(ProjectConfigurationPlatforms) = postSolution
		{180FAEA1-72E7-4311-9711-F608FF0B38F2}.Debug|Any CPU.ActiveCfg = Debug|Any CPU
		{180FAEA1-72E7-4311-9711-F608FF0B38F2}.Debug|Any CPU.Build.0 = Debug|Any CPU
		{180FAEA1-72E7-4311-9711-F608FF0B38F2}.Release|Any CPU.ActiveCfg = Release|Any CPU
		{180FAEA1-72E7-4311-9711-F608FF0B38F2}.Release|Any CPU.Build.0 = Release|Any CPU
		{B5D594EC-0C3C-436F-A7DA-C5DE7CBB9F1A}.Debug|Any CPU.ActiveCfg = Debug|Any CPU
		{B5D594EC-0C3C-436F-A7DA-C5DE7CBB9F1A}.Debug|Any CPU.Build.0 = Debug|Any CPU
		{B5D594EC-0C3C-436F-A7DA-C5DE7CBB9F1A}.Release|Any CPU.ActiveCfg = Release|Any CPU
		{B5D594EC-0C3C-436F-A7DA-C5DE7CBB9F1A}.Release|Any CPU.Build.0 = Release|Any CPU
		{AA46CA3E-7006-4D76-9BCD-0E9628EA2302}.Debug|Any CPU.ActiveCfg = Debug|Any CPU
		{AA46CA3E-7006-4D76-9BCD-0E9628EA2302}.Debug|Any CPU.Build.0 = Debug|Any CPU
		{AA46CA3E-7006-4D76-9BCD-0E9628EA2302}.Release|Any CPU.ActiveCfg = Release|Any CPU
		{AA46CA3E-7006-4D76-9BCD-0E9628EA2302}.Release|Any CPU.Build.0 = Release|Any CPU
		{7490CA5B-C6DD-486E-B469-7430BF1C6DA6}.Debug|Any CPU.ActiveCfg = Debug|Any CPU
		{7490CA5B-C6DD-486E-B469-7430BF1C6DA6}.Debug|Any CPU.Build.0 = Debug|Any CPU
		{7490CA5B-C6DD-486E-B469-7430BF1C6DA6}.Release|Any CPU.ActiveCfg = Release|Any CPU
		{7490CA5B-C6DD-486E-B469-7430BF1C6DA6}.Release|Any CPU.Build.0 = Release|Any CPU
	EndGlobalSection
	GlobalSection(SolutionProperties) = preSolution
		HideSolutionNode = FALSE
	EndGlobalSection
	GlobalSection(NestedProjects) = preSolution
		{7490CA5B-C6DD-486E-B469-7430BF1C6DA6} = {F443B5B8-2907-4D43-8034-7BC0B53EE931}
	EndGlobalSection
	GlobalSection(ExtensibilityGlobals) = postSolution
		SolutionGuid = {4C627749-E12D-4F30-B4ED-903A35DC1E4A}
	EndGlobalSection
EndGlobal
